// !$*UTF8*$!
{
	archiveVersion = 1;
	classes = {
	};
	objectVersion = 46;
	objects = {

/* Begin PBXBuildFile section */
		28EBCA1E2C847F9BD80AEE04 /* Pods_test_producthunt.framework in Frameworks */ = {isa = PBXBuildFile; fileRef = 51425CAB50F8B564A7881A5D /* Pods_test_producthunt.framework */; };
		847E67781F3BDB230030FA13 /* AppDelegate.swift in Sources */ = {isa = PBXBuildFile; fileRef = 847E67771F3BDB230030FA13 /* AppDelegate.swift */; };
		847E677A1F3BDB230030FA13 /* ViewController.swift in Sources */ = {isa = PBXBuildFile; fileRef = 847E67791F3BDB230030FA13 /* ViewController.swift */; };
		847E677D1F3BDB240030FA13 /* Main.storyboard in Resources */ = {isa = PBXBuildFile; fileRef = 847E677B1F3BDB240030FA13 /* Main.storyboard */; };
		847E677F1F3BDB240030FA13 /* Assets.xcassets in Resources */ = {isa = PBXBuildFile; fileRef = 847E677E1F3BDB240030FA13 /* Assets.xcassets */; };
		847E67821F3BDB240030FA13 /* LaunchScreen.storyboard in Resources */ = {isa = PBXBuildFile; fileRef = 847E67801F3BDB240030FA13 /* LaunchScreen.storyboard */; };
		84F297F61F3F4FCD0006D85C /* ProductDetailViewController.swift in Sources */ = {isa = PBXBuildFile; fileRef = 84F297F51F3F4FCD0006D85C /* ProductDetailViewController.swift */; };
		84F7B8D11F3DE9F700303DCF /* TableViewCellProduct.swift in Sources */ = {isa = PBXBuildFile; fileRef = 84F7B8CF1F3DE9F700303DCF /* TableViewCellProduct.swift */; };
		84F7B8D21F3DE9F700303DCF /* TableViewCellProduct.xib in Resources */ = {isa = PBXBuildFile; fileRef = 84F7B8D01F3DE9F700303DCF /* TableViewCellProduct.xib */; };
/* End PBXBuildFile section */

/* Begin PBXFileReference section */
		51425CAB50F8B564A7881A5D /* Pods_test_producthunt.framework */ = {isa = PBXFileReference; explicitFileType = wrapper.framework; includeInIndex = 0; path = Pods_test_producthunt.framework; sourceTree = BUILT_PRODUCTS_DIR; };
		847E67741F3BDB230030FA13 /* test_producthunt.app */ = {isa = PBXFileReference; explicitFileType = wrapper.application; includeInIndex = 0; path = test_producthunt.app; sourceTree = BUILT_PRODUCTS_DIR; };
		847E67771F3BDB230030FA13 /* AppDelegate.swift */ = {isa = PBXFileReference; lastKnownFileType = sourcecode.swift; path = AppDelegate.swift; sourceTree = "<group>"; };
		847E67791F3BDB230030FA13 /* ViewController.swift */ = {isa = PBXFileReference; lastKnownFileType = sourcecode.swift; path = ViewController.swift; sourceTree = "<group>"; };
		847E677C1F3BDB240030FA13 /* Base */ = {isa = PBXFileReference; lastKnownFileType = file.storyboard; name = Base; path = Base.lproj/Main.storyboard; sourceTree = "<group>"; };
		847E677E1F3BDB240030FA13 /* Assets.xcassets */ = {isa = PBXFileReference; lastKnownFileType = folder.assetcatalog; path = Assets.xcassets; sourceTree = "<group>"; };
		847E67811F3BDB240030FA13 /* Base */ = {isa = PBXFileReference; lastKnownFileType = file.storyboard; name = Base; path = Base.lproj/LaunchScreen.storyboard; sourceTree = "<group>"; };
		847E67831F3BDB240030FA13 /* Info.plist */ = {isa = PBXFileReference; lastKnownFileType = text.plist.xml; path = Info.plist; sourceTree = "<group>"; };
		84F297F51F3F4FCD0006D85C /* ProductDetailViewController.swift */ = {isa = PBXFileReference; fileEncoding = 4; lastKnownFileType = sourcecode.swift; path = ProductDetailViewController.swift; sourceTree = "<group>"; };
		84F7B8CF1F3DE9F700303DCF /* TableViewCellProduct.swift */ = {isa = PBXFileReference; fileEncoding = 4; lastKnownFileType = sourcecode.swift; path = TableViewCellProduct.swift; sourceTree = "<group>"; };
		84F7B8D01F3DE9F700303DCF /* TableViewCellProduct.xib */ = {isa = PBXFileReference; fileEncoding = 4; lastKnownFileType = file.xib; path = TableViewCellProduct.xib; sourceTree = "<group>"; };
		DD8681DF8F96C700364DB23B /* Pods-test_producthunt.debug.xcconfig */ = {isa = PBXFileReference; includeInIndex = 1; lastKnownFileType = text.xcconfig; name = "Pods-test_producthunt.debug.xcconfig"; path = "Pods/Target Support Files/Pods-test_producthunt/Pods-test_producthunt.debug.xcconfig"; sourceTree = "<group>"; };
		E84CBC07CA851D83F6954A53 /* Pods-test_producthunt.release.xcconfig */ = {isa = PBXFileReference; includeInIndex = 1; lastKnownFileType = text.xcconfig; name = "Pods-test_producthunt.release.xcconfig"; path = "Pods/Target Support Files/Pods-test_producthunt/Pods-test_producthunt.release.xcconfig"; sourceTree = "<group>"; };
/* End PBXFileReference section */

/* Begin PBXFrameworksBuildPhase section */
		847E67711F3BDB220030FA13 /* Frameworks */ = {
			isa = PBXFrameworksBuildPhase;
			buildActionMask = 2147483647;
			files = (
				28EBCA1E2C847F9BD80AEE04 /* Pods_test_producthunt.framework in Frameworks */,
			);
			runOnlyForDeploymentPostprocessing = 0;
		};
/* End PBXFrameworksBuildPhase section */

/* Begin PBXGroup section */
		847E676B1F3BDB220030FA13 = {
			isa = PBXGroup;
			children = (
				847E67761F3BDB230030FA13 /* test_producthunt */,
				847E67751F3BDB230030FA13 /* Products */,
				E149AB3FE714243D3295EF4B /* Pods */,
				87FCF78BA7AEA8EA8725298F /* Frameworks */,
			);
			sourceTree = "<group>";
		};
		847E67751F3BDB230030FA13 /* Products */ = {
			isa = PBXGroup;
			children = (
				847E67741F3BDB230030FA13 /* test_producthunt.app */,
			);
			name = Products;
			sourceTree = "<group>";
		};
		847E67761F3BDB230030FA13 /* test_producthunt */ = {
			isa = PBXGroup;
			children = (
				847E67771F3BDB230030FA13 /* AppDelegate.swift */,
				847E67791F3BDB230030FA13 /* ViewController.swift */,
				84F7B8CF1F3DE9F700303DCF /* TableViewCellProduct.swift */,
				84F7B8D01F3DE9F700303DCF /* TableViewCellProduct.xib */,
				847E677B1F3BDB240030FA13 /* Main.storyboard */,
				84F297F51F3F4FCD0006D85C /* ProductDetailViewController.swift */,
				847E677E1F3BDB240030FA13 /* Assets.xcassets */,
				847E67801F3BDB240030FA13 /* LaunchScreen.storyboard */,
				847E67831F3BDB240030FA13 /* Info.plist */,
			);
			path = test_producthunt;
			sourceTree = "<group>";
		};
		87FCF78BA7AEA8EA8725298F /* Frameworks */ = {
			isa = PBXGroup;
			children = (
				51425CAB50F8B564A7881A5D /* Pods_test_producthunt.framework */,
			);
			name = Frameworks;
			sourceTree = "<group>";
		};
		E149AB3FE714243D3295EF4B /* Pods */ = {
			isa = PBXGroup;
			children = (
				DD8681DF8F96C700364DB23B /* Pods-test_producthunt.debug.xcconfig */,
				E84CBC07CA851D83F6954A53 /* Pods-test_producthunt.release.xcconfig */,
			);
			name = Pods;
			sourceTree = "<group>";
		};
/* End PBXGroup section */

/* Begin PBXNativeTarget section */
		847E67731F3BDB220030FA13 /* test_producthunt */ = {
			isa = PBXNativeTarget;
			buildConfigurationList = 847E67861F3BDB240030FA13 /* Build configuration list for PBXNativeTarget "test_producthunt" */;
			buildPhases = (
				A6A1702FBB8845040ADC0EC7 /* [CP] Check Pods Manifest.lock */,
				847E67701F3BDB220030FA13 /* Sources */,
				847E67711F3BDB220030FA13 /* Frameworks */,
				847E67721F3BDB220030FA13 /* Resources */,
				241AB1DFBDC489D65C592DB4 /* [CP] Embed Pods Frameworks */,
				8D70874DD1048C049C3DCEBC /* [CP] Copy Pods Resources */,
			);
			buildRules = (
			);
			dependencies = (
			);
			name = test_producthunt;
			productName = test_producthunt;
			productReference = 847E67741F3BDB230030FA13 /* test_producthunt.app */;
			productType = "com.apple.product-type.application";
		};
/* End PBXNativeTarget section */

/* Begin PBXProject section */
		847E676C1F3BDB220030FA13 /* Project object */ = {
			isa = PBXProject;
			attributes = {
				LastSwiftUpdateCheck = 0800;
				LastUpgradeCheck = 0800;
				ORGANIZATIONNAME = Admin;
				TargetAttributes = {
					847E67731F3BDB220030FA13 = {
						CreatedOnToolsVersion = 8.0;
						ProvisioningStyle = Automatic;
					};
				};
			};
			buildConfigurationList = 847E676F1F3BDB220030FA13 /* Build configuration list for PBXProject "test_producthunt" */;
			compatibilityVersion = "Xcode 3.2";
			developmentRegion = English;
			hasScannedForEncodings = 0;
			knownRegions = (
				en,
				Base,
			);
			mainGroup = 847E676B1F3BDB220030FA13;
			productRefGroup = 847E67751F3BDB230030FA13 /* Products */;
			projectDirPath = "";
			projectRoot = "";
			targets = (
				847E67731F3BDB220030FA13 /* test_producthunt */,
			);
		};
/* End PBXProject section */

/* Begin PBXResourcesBuildPhase section */
		847E67721F3BDB220030FA13 /* Resources */ = {
			isa = PBXResourcesBuildPhase;
			buildActionMask = 2147483647;
			files = (
				847E67821F3BDB240030FA13 /* LaunchScreen.storyboard in Resources */,
				84F7B8D21F3DE9F700303DCF /* TableViewCellProduct.xib in Resources */,
				847E677F1F3BDB240030FA13 /* Assets.xcassets in Resources */,
				847E677D1F3BDB240030FA13 /* Main.storyboard in Resources */,
			);
			runOnlyForDeploymentPostprocessing = 0;
		};
/* End PBXResourcesBuildPhase section */

/* Begin PBXShellScriptBuildPhase section */
		241AB1DFBDC489D65C592DB4 /* [CP] Embed Pods Frameworks */ = {
			isa = PBXShellScriptBuildPhase;
			buildActionMask = 2147483647;
			files = (
			);
			inputPaths = (
				"${SRCROOT}/Pods/Target Support Files/Pods-test_producthunt/Pods-test_producthunt-frameworks.sh",
				"${BUILT_PRODUCTS_DIR}/Alamofire/Alamofire.framework",
				"${BUILT_PRODUCTS_DIR}/SwiftyJSON/SwiftyJSON.framework",
			);
			name = "[CP] Embed Pods Frameworks";
			outputPaths = (
				"${TARGET_BUILD_DIR}/${FRAMEWORKS_FOLDER_PATH}/Alamofire.framework",
				"${TARGET_BUILD_DIR}/${FRAMEWORKS_FOLDER_PATH}/SwiftyJSON.framework",
			);
			runOnlyForDeploymentPostprocessing = 0;
			shellPath = /bin/sh;
			shellScript = "\"${SRCROOT}/Pods/Target Support Files/Pods-test_producthunt/Pods-test_producthunt-frameworks.sh\"\n";
			showEnvVarsInLog = 0;
		};
		8D70874DD1048C049C3DCEBC /* [CP] Copy Pods Resources */ = {
			isa = PBXShellScriptBuildPhase;
			buildActionMask = 2147483647;
			files = (
			);
			inputPaths = (
			);
			name = "[CP] Copy Pods Resources";
			outputPaths = (
			);
			runOnlyForDeploymentPostprocessing = 0;
			shellPath = /bin/sh;
			shellScript = "\"${SRCROOT}/Pods/Target Support Files/Pods-test_producthunt/Pods-test_producthunt-resources.sh\"\n";
			showEnvVarsInLog = 0;
		};
		A6A1702FBB8845040ADC0EC7 /* [CP] Check Pods Manifest.lock */ = {
			isa = PBXShellScriptBuildPhase;
			buildActionMask = 2147483647;
			files = (
			);
			inputPaths = (
				"${PODS_PODFILE_DIR_PATH}/Podfile.lock",
				"${PODS_ROOT}/Manifest.lock",
			);
			name = "[CP] Check Pods Manifest.lock";
			outputPaths = (
				"$(DERIVED_FILE_DIR)/Pods-test_producthunt-checkManifestLockResult.txt",
			);
			runOnlyForDeploymentPostprocessing = 0;
			shellPath = /bin/sh;
			shellScript = "diff \"${PODS_PODFILE_DIR_PATH}/Podfile.lock\" \"${PODS_ROOT}/Manifest.lock\" > /dev/null\nif [ $? != 0 ] ; then\n    # print error to STDERR\n    echo \"error: The sandbox is not in sync with the Podfile.lock. Run 'pod install' or update your CocoaPods installation.\" >&2\n    exit 1\nfi\n# This output is used by Xcode 'outputs' to avoid re-running this script phase.\necho \"SUCCESS\" > \"${SCRIPT_OUTPUT_FILE_0}\"\n";
			showEnvVarsInLog = 0;
		};
/* End PBXShellScriptBuildPhase section */

/* Begin PBXSourcesBuildPhase section */
		847E67701F3BDB220030FA13 /* Sources */ = {
			isa = PBXSourcesBuildPhase;
			buildActionMask = 2147483647;
			files = (
				847E677A1F3BDB230030FA13 /* ViewController.swift in Sources */,
				84F297F61F3F4FCD0006D85C /* ProductDetailViewController.swift in Sources */,
				84F7B8D11F3DE9F700303DCF /* TableViewCellProduct.swift in Sources */,
				847E67781F3BDB230030FA13 /* AppDelegate.swift in Sources */,
			);
			runOnlyForDeploymentPostprocessing = 0;
		};
/* End PBXSourcesBuildPhase section */

/* Begin PBXVariantGroup section */
		847E677B1F3BDB240030FA13 /* Main.storyboard */ = {
			isa = PBXVariantGroup;
			children = (
				847E677C1F3BDB240030FA13 /* Base */,
			);
			name = Main.storyboard;
			sourceTree = "<group>";
		};
		847E67801F3BDB240030FA13 /* LaunchScreen.storyboard */ = {
			isa = PBXVariantGroup;
			children = (
				847E67811F3BDB240030FA13 /* Base */,
			);
			name = LaunchScreen.storyboard;
			sourceTree = "<group>";
		};
/* End PBXVariantGroup section */

/* Begin XCBuildConfiguration section */
		847E67841F3BDB240030FA13 /* Debug */ = {
			isa = XCBuildConfiguration;
			buildSettings = {
				ALWAYS_SEARCH_USER_PATHS = NO;
				CLANG_ANALYZER_NONNULL = YES;
				CLANG_CXX_LANGUAGE_STANDARD = "gnu++0x";
				CLANG_CXX_LIBRARY = "libc++";
				CLANG_ENABLE_MODULES = YES;
				CLANG_ENABLE_OBJC_ARC = YES;
				CLANG_WARN_BOOL_CONVERSION = YES;
				CLANG_WARN_CONSTANT_CONVERSION = YES;
				CLANG_WARN_DIRECT_OBJC_ISA_USAGE = YES_ERROR;
				CLANG_WARN_DOCUMENTATION_COMMENTS = YES;
				CLANG_WARN_EMPTY_BODY = YES;
				CLANG_WARN_ENUM_CONVERSION = YES;
				CLANG_WARN_INFINITE_RECURSION = YES;
				CLANG_WARN_INT_CONVERSION = YES;
				CLANG_WARN_OBJC_ROOT_CLASS = YES_ERROR;
				CLANG_WARN_SUSPICIOUS_MOVES = YES;
				CLANG_WARN_UNREACHABLE_CODE = YES;
				CLANG_WARN__DUPLICATE_METHOD_MATCH = YES;
				"CODE_SIGN_IDENTITY[sdk=iphoneos*]" = "iPhone Developer";
				COPY_PHASE_STRIP = NO;
				DEBUG_INFORMATION_FORMAT = dwarf;
				ENABLE_STRICT_OBJC_MSGSEND = YES;
				ENABLE_TESTABILITY = YES;
				GCC_C_LANGUAGE_STANDARD = gnu99;
				GCC_DYNAMIC_NO_PIC = NO;
				GCC_NO_COMMON_BLOCKS = YES;
				GCC_OPTIMIZATION_LEVEL = 0;
				GCC_PREPROCESSOR_DEFINITIONS = (
					"DEBUG=1",
					"$(inherited)",
				);
				GCC_WARN_64_TO_32_BIT_CONVERSION = YES;
				GCC_WARN_ABOUT_RETURN_TYPE = YES_ERROR;
				GCC_WARN_UNDECLARED_SELECTOR = YES;
				GCC_WARN_UNINITIALIZED_AUTOS = YES_AGGRESSIVE;
				GCC_WARN_UNUSED_FUNCTION = YES;
				GCC_WARN_UNUSED_VARIABLE = YES;
				IPHONEOS_DEPLOYMENT_TARGET = 10.0;
				MTL_ENABLE_DEBUG_INFO = YES;
				ONLY_ACTIVE_ARCH = YES;
				SDKROOT = iphoneos;
				SWIFT_ACTIVE_COMPILATION_CONDITIONS = DEBUG;
				SWIFT_OPTIMIZATION_LEVEL = "-Onone";
			};
			name = Debug;
		};
		847E67851F3BDB240030FA13 /* Release */ = {
			isa = XCBuildConfiguration;
			buildSettings = {
				ALWAYS_SEARCH_USER_PATHS = NO;
				CLANG_ANALYZER_NONNULL = YES;
				CLANG_CXX_LANGUAGE_STANDARD = "gnu++0x";
				CLANG_CXX_LIBRARY = "libc++";
				CLANG_ENABLE_MODULES = YES;
				CLANG_ENABLE_OBJC_ARC = YES;
				CLANG_WARN_BOOL_CONVERSION = YES;
				CLANG_WARN_CONSTANT_CONVERSION = YES;
				CLANG_WARN_DIRECT_OBJC_ISA_USAGE = YES_ERROR;
				CLANG_WARN_DOCUMENTATION_COMMENTS = YES;
				CLANG_WARN_EMPTY_BODY = YES;
				CLANG_WARN_ENUM_CONVERSION = YES;
				CLANG_WARN_INFINITE_RECURSION = YES;
				CLANG_WARN_INT_CONVERSION = YES;
				CLANG_WARN_OBJC_ROOT_CLASS = YES_ERROR;
				CLANG_WARN_SUSPICIOUS_MOVES = YES;
				CLANG_WARN_UNREACHABLE_CODE = YES;
				CLANG_WARN__DUPLICATE_METHOD_MATCH = YES;
				"CODE_SIGN_IDENTITY[sdk=iphoneos*]" = "iPhone Developer";
				COPY_PHASE_STRIP = NO;
				DEBUG_INFORMATION_FORMAT = "dwarf-with-dsym";
				ENABLE_NS_ASSERTIONS = NO;
				ENABLE_STRICT_OBJC_MSGSEND = YES;
				GCC_C_LANGUAGE_STANDARD = gnu99;
				GCC_NO_COMMON_BLOCKS = YES;
				GCC_WARN_64_TO_32_BIT_CONVERSION = YES;
				GCC_WARN_ABOUT_RETURN_TYPE = YES_ERROR;
				GCC_WARN_UNDECLARED_SELECTOR = YES;
				GCC_WARN_UNINITIALIZED_AUTOS = YES_AGGRESSIVE;
				GCC_WARN_UNUSED_FUNCTION = YES;
				GCC_WARN_UNUSED_VARIABLE = YES;
				IPHONEOS_DEPLOYMENT_TARGET = 10.0;
				MTL_ENABLE_DEBUG_INFO = NO;
				SDKROOT = iphoneos;
				SWIFT_OPTIMIZATION_LEVEL = "-Owholemodule";
				VALIDATE_PRODUCT = YES;
			};
			name = Release;
		};
		847E67871F3BDB240030FA13 /* Debug */ = {
			isa = XCBuildConfiguration;
			baseConfigurationReference = DD8681DF8F96C700364DB23B /* Pods-test_producthunt.debug.xcconfig */;
			buildSettings = {
				ASSETCATALOG_COMPILER_APPICON_NAME = AppIcon;
				INFOPLIST_FILE = test_producthunt/Info.plist;
				LD_RUNPATH_SEARCH_PATHS = "$(inherited) @executable_path/Frameworks";
				PRODUCT_BUNDLE_IDENTIFIER = "pol.test-producthunt";
				PRODUCT_NAME = "$(TARGET_NAME)";
				SWIFT_VERSION = 3.0;
			};
			name = Debug;
		};
		847E67881F3BDB240030FA13 /* Release */ = {
			isa = XCBuildConfiguration;
			baseConfigurationReference = E84CBC07CA851D83F6954A53 /* Pods-test_producthunt.release.xcconfig */;
			buildSettings = {
				ASSETCATALOG_COMPILER_APPICON_NAME = AppIcon;
				INFOPLIST_FILE = test_producthunt/Info.plist;
				LD_RUNPATH_SEARCH_PATHS = "$(inherited) @executable_path/Frameworks";
				PRODUCT_BUNDLE_IDENTIFIER = "pol.test-producthunt";
				PRODUCT_NAME = "$(TARGET_NAME)";
				SWIFT_VERSION = 3.0;
			};
			name = Release;
		};
/* End XCBuildConfiguration section */

/* Begin XCConfigurationList section */
		847E676F1F3BDB220030FA13 /* Build configuration list for PBXProject "test_producthunt" */ = {
			isa = XCConfigurationList;
			buildConfigurations = (
				847E67841F3BDB240030FA13 /* Debug */,
				847E67851F3BDB240030FA13 /* Release */,
			);
			defaultConfigurationIsVisible = 0;
			defaultConfigurationName = Release;
		};
		847E67861F3BDB240030FA13 /* Build configuration list for PBXNativeTarget "test_producthunt" */ = {
			isa = XCConfigurationList;
			buildConfigurations = (
				847E67871F3BDB240030FA13 /* Debug */,
				847E67881F3BDB240030FA13 /* Release */,
			);
			defaultConfigurationIsVisible = 0;
			defaultConfigurationName = Release;
		};
/* End XCConfigurationList section */
	};
	rootObject = 847E676C1F3BDB220030FA13 /* Project object */;
}
